// !$*UTF8*$!
{
	archiveVersion = 1;
	classes = {
	};
	objectVersion = 51;
	objects = {

/* Begin PBXBuildFile section */
		0C74E23EEEA8F5EBFFAEB887 /* Pods_VideoSDKDemo.framework in Frameworks */ = {isa = PBXBuildFile; fileRef = F164A36A4B2B02EA427B8774 /* Pods_VideoSDKDemo.framework */; };
		D46A923726CB819C00EE562F /* ViewController.swift in Sources */ = {isa = PBXBuildFile; fileRef = D46A921A26CB819C00EE562F /* ViewController.swift */; };
		D46A923826CB819C00EE562F /* Assets.xcassets in Resources */ = {isa = PBXBuildFile; fileRef = D46A921D26CB819C00EE562F /* Assets.xcassets */; };
		D46A923926CB819C00EE562F /* Resp.json in Resources */ = {isa = PBXBuildFile; fileRef = D46A921E26CB819C00EE562F /* Resp.json */; };
		D46A923A26CB819C00EE562F /* Constants.swift in Sources */ = {isa = PBXBuildFile; fileRef = D46A922226CB819C00EE562F /* Constants.swift */; };
		D46A923B26CB819C00EE562F /* ZujoSdk.swift in Sources */ = {isa = PBXBuildFile; fileRef = D46A922326CB819C00EE562F /* ZujoSdk.swift */; };
		D46A923C26CB819C00EE562F /* Meeting.swift in Sources */ = {isa = PBXBuildFile; fileRef = D46A922426CB819C00EE562F /* Meeting.swift */; };
		D46A923D26CB819C00EE562F /* RoomClient.swift in Sources */ = {isa = PBXBuildFile; fileRef = D46A922626CB819C00EE562F /* RoomClient.swift */; };
		D46A923E26CB819C00EE562F /* RoomListener.swift in Sources */ = {isa = PBXBuildFile; fileRef = D46A922726CB819C00EE562F /* RoomListener.swift */; };
		D46A923F26CB819C00EE562F /* Request.swift in Sources */ = {isa = PBXBuildFile; fileRef = D46A922926CB819C00EE562F /* Request.swift */; };
		D46A924026CB819C00EE562F /* MessageObserver.swift in Sources */ = {isa = PBXBuildFile; fileRef = D46A922B26CB819C00EE562F /* MessageObserver.swift */; };
		D46A924126CB819D00EE562F /* EchoSocket.swift in Sources */ = {isa = PBXBuildFile; fileRef = D46A922C26CB819C00EE562F /* EchoSocket.swift */; };
		D46A924226CB819D00EE562F /* ActionEvent.swift in Sources */ = {isa = PBXBuildFile; fileRef = D46A922D26CB819C00EE562F /* ActionEvent.swift */; };
		D46A924326CB819D00EE562F /* MediaCapturer.swift in Sources */ = {isa = PBXBuildFile; fileRef = D46A922F26CB819C00EE562F /* MediaCapturer.swift */; };
		D46A924426CB819D00EE562F /* LaunchScreen.storyboard in Resources */ = {isa = PBXBuildFile; fileRef = D46A923026CB819C00EE562F /* LaunchScreen.storyboard */; };
		D46A924526CB819D00EE562F /* Main.storyboard in Resources */ = {isa = PBXBuildFile; fileRef = D46A923226CB819C00EE562F /* Main.storyboard */; };
		D46A924626CB819D00EE562F /* AppDelegate.swift in Sources */ = {isa = PBXBuildFile; fileRef = D46A923426CB819C00EE562F /* AppDelegate.swift */; };
		D46A924826CB819D00EE562F /* SceneDelegate.swift in Sources */ = {isa = PBXBuildFile; fileRef = D46A923626CB819C00EE562F /* SceneDelegate.swift */; };
		D484CC9A26BC566700414E03 /* WebRTC.framework in Frameworks */ = {isa = PBXBuildFile; fileRef = 22C5737126BB04F600B8B8AB /* WebRTC.framework */; settings = {ATTRIBUTES = (Weak, ); }; };
/* End PBXBuildFile section */

/* Begin PBXFileReference section */
		227D606326BA7382003C259E /* VideoSDKDemo.app */ = {isa = PBXFileReference; explicitFileType = wrapper.application; includeInIndex = 0; path = VideoSDKDemo.app; sourceTree = BUILT_PRODUCTS_DIR; };
		22C5737126BB04F600B8B8AB /* WebRTC.framework */ = {isa = PBXFileReference; lastKnownFileType = wrapper.framework; path = WebRTC.framework; sourceTree = "<group>"; };
		9109AA1215DC51A808B86725 /* Pods-VideoSDKDemo.release.xcconfig */ = {isa = PBXFileReference; includeInIndex = 1; lastKnownFileType = text.xcconfig; name = "Pods-VideoSDKDemo.release.xcconfig"; path = "Target Support Files/Pods-VideoSDKDemo/Pods-VideoSDKDemo.release.xcconfig"; sourceTree = "<group>"; };
		B2F0B6CCFA7A6EE1C41042B3 /* Pods-VideoSDKDemo.debug.xcconfig */ = {isa = PBXFileReference; includeInIndex = 1; lastKnownFileType = text.xcconfig; name = "Pods-VideoSDKDemo.debug.xcconfig"; path = "Target Support Files/Pods-VideoSDKDemo/Pods-VideoSDKDemo.debug.xcconfig"; sourceTree = "<group>"; };
		D46A921A26CB819C00EE562F /* ViewController.swift */ = {isa = PBXFileReference; fileEncoding = 4; lastKnownFileType = sourcecode.swift; path = ViewController.swift; sourceTree = "<group>"; };
		D46A921C26CB819C00EE562F /* VideoSDKDemo-BridgingHeader.h */ = {isa = PBXFileReference; fileEncoding = 4; lastKnownFileType = sourcecode.c.h; path = "VideoSDKDemo-BridgingHeader.h"; sourceTree = "<group>"; };
		D46A921D26CB819C00EE562F /* Assets.xcassets */ = {isa = PBXFileReference; lastKnownFileType = folder.assetcatalog; path = Assets.xcassets; sourceTree = "<group>"; };
		D46A921E26CB819C00EE562F /* Resp.json */ = {isa = PBXFileReference; fileEncoding = 4; lastKnownFileType = text.json; path = Resp.json; sourceTree = "<group>"; };
		D46A922226CB819C00EE562F /* Constants.swift */ = {isa = PBXFileReference; fileEncoding = 4; lastKnownFileType = sourcecode.swift; path = Constants.swift; sourceTree = "<group>"; };
		D46A922326CB819C00EE562F /* ZujoSdk.swift */ = {isa = PBXFileReference; fileEncoding = 4; lastKnownFileType = sourcecode.swift; path = ZujoSdk.swift; sourceTree = "<group>"; };
		D46A922426CB819C00EE562F /* Meeting.swift */ = {isa = PBXFileReference; fileEncoding = 4; lastKnownFileType = sourcecode.swift; path = Meeting.swift; sourceTree = "<group>"; };
		D46A922626CB819C00EE562F /* RoomClient.swift */ = {isa = PBXFileReference; fileEncoding = 4; lastKnownFileType = sourcecode.swift; path = RoomClient.swift; sourceTree = "<group>"; };
		D46A922726CB819C00EE562F /* RoomListener.swift */ = {isa = PBXFileReference; fileEncoding = 4; lastKnownFileType = sourcecode.swift; path = RoomListener.swift; sourceTree = "<group>"; };
		D46A922926CB819C00EE562F /* Request.swift */ = {isa = PBXFileReference; fileEncoding = 4; lastKnownFileType = sourcecode.swift; path = Request.swift; sourceTree = "<group>"; };
		D46A922B26CB819C00EE562F /* MessageObserver.swift */ = {isa = PBXFileReference; fileEncoding = 4; lastKnownFileType = sourcecode.swift; path = MessageObserver.swift; sourceTree = "<group>"; };
		D46A922C26CB819C00EE562F /* EchoSocket.swift */ = {isa = PBXFileReference; fileEncoding = 4; lastKnownFileType = sourcecode.swift; path = EchoSocket.swift; sourceTree = "<group>"; };
		D46A922D26CB819C00EE562F /* ActionEvent.swift */ = {isa = PBXFileReference; fileEncoding = 4; lastKnownFileType = sourcecode.swift; path = ActionEvent.swift; sourceTree = "<group>"; };
		D46A922F26CB819C00EE562F /* MediaCapturer.swift */ = {isa = PBXFileReference; fileEncoding = 4; lastKnownFileType = sourcecode.swift; path = MediaCapturer.swift; sourceTree = "<group>"; };
		D46A923126CB819C00EE562F /* Base */ = {isa = PBXFileReference; lastKnownFileType = file.storyboard; name = Base; path = Base.lproj/LaunchScreen.storyboard; sourceTree = "<group>"; };
		D46A923326CB819C00EE562F /* Base */ = {isa = PBXFileReference; lastKnownFileType = file.storyboard; name = Base; path = Base.lproj/Main.storyboard; sourceTree = "<group>"; };
		D46A923426CB819C00EE562F /* AppDelegate.swift */ = {isa = PBXFileReference; fileEncoding = 4; lastKnownFileType = sourcecode.swift; path = AppDelegate.swift; sourceTree = "<group>"; };
		D46A923526CB819C00EE562F /* Info.plist */ = {isa = PBXFileReference; fileEncoding = 4; lastKnownFileType = text.plist.xml; path = Info.plist; sourceTree = "<group>"; };
		D46A923626CB819C00EE562F /* SceneDelegate.swift */ = {isa = PBXFileReference; fileEncoding = 4; lastKnownFileType = sourcecode.swift; path = SceneDelegate.swift; sourceTree = "<group>"; };
		F164A36A4B2B02EA427B8774 /* Pods_VideoSDKDemo.framework */ = {isa = PBXFileReference; explicitFileType = wrapper.framework; includeInIndex = 0; path = Pods_VideoSDKDemo.framework; sourceTree = BUILT_PRODUCTS_DIR; };
/* End PBXFileReference section */

/* Begin PBXFrameworksBuildPhase section */
		227D606026BA7381003C259E /* Frameworks */ = {
			isa = PBXFrameworksBuildPhase;
			buildActionMask = 2147483647;
			files = (
				D484CC9A26BC566700414E03 /* WebRTC.framework in Frameworks */,
				0C74E23EEEA8F5EBFFAEB887 /* Pods_VideoSDKDemo.framework in Frameworks */,
			);
			runOnlyForDeploymentPostprocessing = 0;
		};
/* End PBXFrameworksBuildPhase section */

/* Begin PBXGroup section */
		227D605A26BA7381003C259E = {
			isa = PBXGroup;
			children = (
				D46A921926CB819C00EE562F /* VideoSDK */,
				227D606426BA7382003C259E /* Products */,
				B1D6D35075DE81BAF1F6CFCF /* Pods */,
				F122B7279A74B577BB0CF49F /* Frameworks */,
			);
			sourceTree = "<group>";
		};
		227D606426BA7382003C259E /* Products */ = {
			isa = PBXGroup;
			children = (
				227D606326BA7382003C259E /* VideoSDKDemo.app */,
			);
			name = Products;
			sourceTree = "<group>";
		};
		B1D6D35075DE81BAF1F6CFCF /* Pods */ = {
			isa = PBXGroup;
			children = (
				B2F0B6CCFA7A6EE1C41042B3 /* Pods-VideoSDKDemo.debug.xcconfig */,
				9109AA1215DC51A808B86725 /* Pods-VideoSDKDemo.release.xcconfig */,
			);
			path = Pods;
			sourceTree = "<group>";
		};
		D46A921926CB819C00EE562F /* VideoSDK */ = {
			isa = PBXGroup;
			children = (
				D46A921F26CB819C00EE562F /* Library */,
				D46A921B26CB819C00EE562F /* BridgingHeader */,
				D46A921D26CB819C00EE562F /* Assets.xcassets */,
				D46A921A26CB819C00EE562F /* ViewController.swift */,
				D46A921E26CB819C00EE562F /* Resp.json */,
				D46A923026CB819C00EE562F /* LaunchScreen.storyboard */,
				D46A923226CB819C00EE562F /* Main.storyboard */,
				D46A923426CB819C00EE562F /* AppDelegate.swift */,
				D46A923526CB819C00EE562F /* Info.plist */,
				D46A923626CB819C00EE562F /* SceneDelegate.swift */,
			);
			path = VideoSDK;
			sourceTree = "<group>";
		};
		D46A921B26CB819C00EE562F /* BridgingHeader */ = {
			isa = PBXGroup;
			children = (
				D46A921C26CB819C00EE562F /* VideoSDKDemo-BridgingHeader.h */,
			);
			path = BridgingHeader;
			sourceTree = "<group>";
		};
		D46A921F26CB819C00EE562F /* Library */ = {
			isa = PBXGroup;
			children = (
				D46A922026CB819C00EE562F /* Mediasoap */,
			);
			path = Library;
			sourceTree = "<group>";
		};
		D46A922026CB819C00EE562F /* Mediasoap */ = {
			isa = PBXGroup;
			children = (
				D46A922126CB819C00EE562F /* Zujo */,
				D46A922526CB819C00EE562F /* room */,
				D46A922826CB819C00EE562F /* request */,
				D46A922A26CB819C00EE562F /* socket */,
				D46A922E26CB819C00EE562F /* media */,
			);
			path = Mediasoap;
			sourceTree = "<group>";
		};
		D46A922126CB819C00EE562F /* Zujo */ = {
			isa = PBXGroup;
			children = (
				D46A922226CB819C00EE562F /* Constants.swift */,
				D46A922326CB819C00EE562F /* ZujoSdk.swift */,
				D46A922426CB819C00EE562F /* Meeting.swift */,
			);
			path = Zujo;
			sourceTree = "<group>";
		};
		D46A922526CB819C00EE562F /* room */ = {
			isa = PBXGroup;
			children = (
				D46A922626CB819C00EE562F /* RoomClient.swift */,
				D46A922726CB819C00EE562F /* RoomListener.swift */,
			);
			path = room;
			sourceTree = "<group>";
		};
		D46A922826CB819C00EE562F /* request */ = {
			isa = PBXGroup;
			children = (
				D46A922926CB819C00EE562F /* Request.swift */,
			);
			path = request;
			sourceTree = "<group>";
		};
		D46A922A26CB819C00EE562F /* socket */ = {
			isa = PBXGroup;
			children = (
				D46A922B26CB819C00EE562F /* MessageObserver.swift */,
				D46A922C26CB819C00EE562F /* EchoSocket.swift */,
				D46A922D26CB819C00EE562F /* ActionEvent.swift */,
			);
			path = socket;
			sourceTree = "<group>";
		};
		D46A922E26CB819C00EE562F /* media */ = {
			isa = PBXGroup;
			children = (
				D46A922F26CB819C00EE562F /* MediaCapturer.swift */,
			);
			path = media;
			sourceTree = "<group>";
		};
		F122B7279A74B577BB0CF49F /* Frameworks */ = {
			isa = PBXGroup;
			children = (
				22C5737126BB04F600B8B8AB /* WebRTC.framework */,
				F164A36A4B2B02EA427B8774 /* Pods_VideoSDKDemo.framework */,
			);
			name = Frameworks;
			sourceTree = "<group>";
		};
/* End PBXGroup section */

/* Begin PBXNativeTarget section */
		227D606226BA7381003C259E /* VideoSDKDemo */ = {
			isa = PBXNativeTarget;
			buildConfigurationList = 227D607726BA7385003C259E /* Build configuration list for PBXNativeTarget "VideoSDKDemo" */;
			buildPhases = (
				5DAA803ADB80697C7215D4BA /* [CP] Check Pods Manifest.lock */,
				227D605F26BA7381003C259E /* Sources */,
				227D606026BA7381003C259E /* Frameworks */,
				227D606126BA7381003C259E /* Resources */,
				C7B4FAFF80485376F4F66E4E /* [CP] Embed Pods Frameworks */,
			);
			buildRules = (
			);
			dependencies = (
			);
			name = VideoSDKDemo;
			productName = VideoSDKDemo;
			productReference = 227D606326BA7382003C259E /* VideoSDKDemo.app */;
			productType = "com.apple.product-type.application";
		};
/* End PBXNativeTarget section */

/* Begin PBXProject section */
		227D605B26BA7381003C259E /* Project object */ = {
			isa = PBXProject;
			attributes = {
				LastSwiftUpdateCheck = 1230;
				LastUpgradeCheck = 1230;
				TargetAttributes = {
					227D606226BA7381003C259E = {
						CreatedOnToolsVersion = 12.3;
					};
				};
			};
			buildConfigurationList = 227D605E26BA7381003C259E /* Build configuration list for PBXProject "VideoSDKDemo" */;
			compatibilityVersion = "Xcode 9.3";
			developmentRegion = en;
			hasScannedForEncodings = 0;
			knownRegions = (
				en,
				Base,
			);
			mainGroup = 227D605A26BA7381003C259E;
			productRefGroup = 227D606426BA7382003C259E /* Products */;
			projectDirPath = "";
			projectRoot = "";
			targets = (
				227D606226BA7381003C259E /* VideoSDKDemo */,
			);
		};
/* End PBXProject section */

/* Begin PBXResourcesBuildPhase section */
		227D606126BA7381003C259E /* Resources */ = {
			isa = PBXResourcesBuildPhase;
			buildActionMask = 2147483647;
			files = (
				D46A924426CB819D00EE562F /* LaunchScreen.storyboard in Resources */,
				D46A923826CB819C00EE562F /* Assets.xcassets in Resources */,
				D46A923926CB819C00EE562F /* Resp.json in Resources */,
				D46A924526CB819D00EE562F /* Main.storyboard in Resources */,
			);
			runOnlyForDeploymentPostprocessing = 0;
		};
/* End PBXResourcesBuildPhase section */

/* Begin PBXShellScriptBuildPhase section */
		5DAA803ADB80697C7215D4BA /* [CP] Check Pods Manifest.lock */ = {
			isa = PBXShellScriptBuildPhase;
			buildActionMask = 2147483647;
			files = (
			);
			inputFileListPaths = (
			);
			inputPaths = (
				"${PODS_PODFILE_DIR_PATH}/Podfile.lock",
				"${PODS_ROOT}/Manifest.lock",
			);
			name = "[CP] Check Pods Manifest.lock";
			outputFileListPaths = (
			);
			outputPaths = (
				"$(DERIVED_FILE_DIR)/Pods-VideoSDKDemo-checkManifestLockResult.txt",
			);
			runOnlyForDeploymentPostprocessing = 0;
			shellPath = /bin/sh;
			shellScript = "diff \"${PODS_PODFILE_DIR_PATH}/Podfile.lock\" \"${PODS_ROOT}/Manifest.lock\" > /dev/null\nif [ $? != 0 ] ; then\n    # print error to STDERR\n    echo \"error: The sandbox is not in sync with the Podfile.lock. Run 'pod install' or update your CocoaPods installation.\" >&2\n    exit 1\nfi\n# This output is used by Xcode 'outputs' to avoid re-running this script phase.\necho \"SUCCESS\" > \"${SCRIPT_OUTPUT_FILE_0}\"\n";
			showEnvVarsInLog = 0;
		};
		C7B4FAFF80485376F4F66E4E /* [CP] Embed Pods Frameworks */ = {
			isa = PBXShellScriptBuildPhase;
			buildActionMask = 2147483647;
			files = (
			);
			inputFileListPaths = (
				"${PODS_ROOT}/Target Support Files/Pods-VideoSDKDemo/Pods-VideoSDKDemo-frameworks-${CONFIGURATION}-input-files.xcfilelist",
			);
			name = "[CP] Embed Pods Frameworks";
			outputFileListPaths = (
				"${PODS_ROOT}/Target Support Files/Pods-VideoSDKDemo/Pods-VideoSDKDemo-frameworks-${CONFIGURATION}-output-files.xcfilelist",
			);
			runOnlyForDeploymentPostprocessing = 0;
			shellPath = /bin/sh;
			shellScript = "\"${PODS_ROOT}/Target Support Files/Pods-VideoSDKDemo/Pods-VideoSDKDemo-frameworks.sh\"\n";
			showEnvVarsInLog = 0;
		};
/* End PBXShellScriptBuildPhase section */

/* Begin PBXSourcesBuildPhase section */
		227D605F26BA7381003C259E /* Sources */ = {
			isa = PBXSourcesBuildPhase;
			buildActionMask = 2147483647;
			files = (
				D46A924626CB819D00EE562F /* AppDelegate.swift in Sources */,
				D46A923726CB819C00EE562F /* ViewController.swift in Sources */,
				D46A924126CB819D00EE562F /* EchoSocket.swift in Sources */,
				D46A924326CB819D00EE562F /* MediaCapturer.swift in Sources */,
				D46A923C26CB819C00EE562F /* Meeting.swift in Sources */,
				D46A923A26CB819C00EE562F /* Constants.swift in Sources */,
				D46A924226CB819D00EE562F /* ActionEvent.swift in Sources */,
				D46A923B26CB819C00EE562F /* ZujoSdk.swift in Sources */,
				D46A924826CB819D00EE562F /* SceneDelegate.swift in Sources */,
				D46A923F26CB819C00EE562F /* Request.swift in Sources */,
				D46A924026CB819C00EE562F /* MessageObserver.swift in Sources */,
				D46A923E26CB819C00EE562F /* RoomListener.swift in Sources */,
				D46A923D26CB819C00EE562F /* RoomClient.swift in Sources */,
			);
			runOnlyForDeploymentPostprocessing = 0;
		};
/* End PBXSourcesBuildPhase section */

/* Begin PBXVariantGroup section */
		D46A923026CB819C00EE562F /* LaunchScreen.storyboard */ = {
			isa = PBXVariantGroup;
			children = (
				D46A923126CB819C00EE562F /* Base */,
			);
			name = LaunchScreen.storyboard;
			sourceTree = "<group>";
		};
		D46A923226CB819C00EE562F /* Main.storyboard */ = {
			isa = PBXVariantGroup;
			children = (
				D46A923326CB819C00EE562F /* Base */,
			);
			name = Main.storyboard;
			sourceTree = "<group>";
		};
/* End PBXVariantGroup section */

/* Begin XCBuildConfiguration section */
		227D607526BA7385003C259E /* Debug */ = {
			isa = XCBuildConfiguration;
			buildSettings = {
				ALWAYS_SEARCH_USER_PATHS = NO;
				CLANG_ANALYZER_NONNULL = YES;
				CLANG_ANALYZER_NUMBER_OBJECT_CONVERSION = YES_AGGRESSIVE;
				CLANG_CXX_LANGUAGE_STANDARD = "gnu++14";
				CLANG_CXX_LIBRARY = "libc++";
				CLANG_ENABLE_MODULES = YES;
				CLANG_ENABLE_OBJC_ARC = YES;
				CLANG_ENABLE_OBJC_WEAK = YES;
				CLANG_WARN_BLOCK_CAPTURE_AUTORELEASING = YES;
				CLANG_WARN_BOOL_CONVERSION = YES;
				CLANG_WARN_COMMA = YES;
				CLANG_WARN_CONSTANT_CONVERSION = YES;
				CLANG_WARN_DEPRECATED_OBJC_IMPLEMENTATIONS = YES;
				CLANG_WARN_DIRECT_OBJC_ISA_USAGE = YES_ERROR;
				CLANG_WARN_DOCUMENTATION_COMMENTS = YES;
				CLANG_WARN_EMPTY_BODY = YES;
				CLANG_WARN_ENUM_CONVERSION = YES;
				CLANG_WARN_INFINITE_RECURSION = YES;
				CLANG_WARN_INT_CONVERSION = YES;
				CLANG_WARN_NON_LITERAL_NULL_CONVERSION = YES;
				CLANG_WARN_OBJC_IMPLICIT_RETAIN_SELF = YES;
				CLANG_WARN_OBJC_LITERAL_CONVERSION = YES;
				CLANG_WARN_OBJC_ROOT_CLASS = YES_ERROR;
				CLANG_WARN_QUOTED_INCLUDE_IN_FRAMEWORK_HEADER = YES;
				CLANG_WARN_RANGE_LOOP_ANALYSIS = YES;
				CLANG_WARN_STRICT_PROTOTYPES = YES;
				CLANG_WARN_SUSPICIOUS_MOVE = YES;
				CLANG_WARN_UNGUARDED_AVAILABILITY = YES_AGGRESSIVE;
				CLANG_WARN_UNREACHABLE_CODE = YES;
				CLANG_WARN__DUPLICATE_METHOD_MATCH = YES;
				COPY_PHASE_STRIP = NO;
				DEBUG_INFORMATION_FORMAT = dwarf;
				ENABLE_STRICT_OBJC_MSGSEND = YES;
				ENABLE_TESTABILITY = YES;
				GCC_C_LANGUAGE_STANDARD = gnu11;
				GCC_DYNAMIC_NO_PIC = NO;
				GCC_NO_COMMON_BLOCKS = YES;
				GCC_OPTIMIZATION_LEVEL = 0;
				GCC_PREPROCESSOR_DEFINITIONS = (
					"DEBUG=1",
					"$(inherited)",
				);
				GCC_WARN_64_TO_32_BIT_CONVERSION = YES;
				GCC_WARN_ABOUT_RETURN_TYPE = YES_ERROR;
				GCC_WARN_UNDECLARED_SELECTOR = YES;
				GCC_WARN_UNINITIALIZED_AUTOS = YES_AGGRESSIVE;
				GCC_WARN_UNUSED_FUNCTION = YES;
				GCC_WARN_UNUSED_VARIABLE = YES;
				IPHONEOS_DEPLOYMENT_TARGET = 13.0;
				MTL_ENABLE_DEBUG_INFO = INCLUDE_SOURCE;
				MTL_FAST_MATH = YES;
				ONLY_ACTIVE_ARCH = YES;
				SDKROOT = iphoneos;
				SWIFT_ACTIVE_COMPILATION_CONDITIONS = DEBUG;
				SWIFT_OPTIMIZATION_LEVEL = "-Onone";
			};
			name = Debug;
		};
		227D607626BA7385003C259E /* Release */ = {
			isa = XCBuildConfiguration;
			buildSettings = {
				ALWAYS_SEARCH_USER_PATHS = NO;
				CLANG_ANALYZER_NONNULL = YES;
				CLANG_ANALYZER_NUMBER_OBJECT_CONVERSION = YES_AGGRESSIVE;
				CLANG_CXX_LANGUAGE_STANDARD = "gnu++14";
				CLANG_CXX_LIBRARY = "libc++";
				CLANG_ENABLE_MODULES = YES;
				CLANG_ENABLE_OBJC_ARC = YES;
				CLANG_ENABLE_OBJC_WEAK = YES;
				CLANG_WARN_BLOCK_CAPTURE_AUTORELEASING = YES;
				CLANG_WARN_BOOL_CONVERSION = YES;
				CLANG_WARN_COMMA = YES;
				CLANG_WARN_CONSTANT_CONVERSION = YES;
				CLANG_WARN_DEPRECATED_OBJC_IMPLEMENTATIONS = YES;
				CLANG_WARN_DIRECT_OBJC_ISA_USAGE = YES_ERROR;
				CLANG_WARN_DOCUMENTATION_COMMENTS = YES;
				CLANG_WARN_EMPTY_BODY = YES;
				CLANG_WARN_ENUM_CONVERSION = YES;
				CLANG_WARN_INFINITE_RECURSION = YES;
				CLANG_WARN_INT_CONVERSION = YES;
				CLANG_WARN_NON_LITERAL_NULL_CONVERSION = YES;
				CLANG_WARN_OBJC_IMPLICIT_RETAIN_SELF = YES;
				CLANG_WARN_OBJC_LITERAL_CONVERSION = YES;
				CLANG_WARN_OBJC_ROOT_CLASS = YES_ERROR;
				CLANG_WARN_QUOTED_INCLUDE_IN_FRAMEWORK_HEADER = YES;
				CLANG_WARN_RANGE_LOOP_ANALYSIS = YES;
				CLANG_WARN_STRICT_PROTOTYPES = YES;
				CLANG_WARN_SUSPICIOUS_MOVE = YES;
				CLANG_WARN_UNGUARDED_AVAILABILITY = YES_AGGRESSIVE;
				CLANG_WARN_UNREACHABLE_CODE = YES;
				CLANG_WARN__DUPLICATE_METHOD_MATCH = YES;
				COPY_PHASE_STRIP = NO;
				DEBUG_INFORMATION_FORMAT = "dwarf-with-dsym";
				ENABLE_NS_ASSERTIONS = NO;
				ENABLE_STRICT_OBJC_MSGSEND = YES;
				GCC_C_LANGUAGE_STANDARD = gnu11;
				GCC_NO_COMMON_BLOCKS = YES;
				GCC_WARN_64_TO_32_BIT_CONVERSION = YES;
				GCC_WARN_ABOUT_RETURN_TYPE = YES_ERROR;
				GCC_WARN_UNDECLARED_SELECTOR = YES;
				GCC_WARN_UNINITIALIZED_AUTOS = YES_AGGRESSIVE;
				GCC_WARN_UNUSED_FUNCTION = YES;
				GCC_WARN_UNUSED_VARIABLE = YES;
				IPHONEOS_DEPLOYMENT_TARGET = 13.0;
				MTL_ENABLE_DEBUG_INFO = NO;
				MTL_FAST_MATH = YES;
				SDKROOT = iphoneos;
				SWIFT_COMPILATION_MODE = wholemodule;
				SWIFT_OPTIMIZATION_LEVEL = "-O";
				VALIDATE_PRODUCT = YES;
			};
			name = Release;
		};
		227D607826BA7385003C259E /* Debug */ = {
			isa = XCBuildConfiguration;
			baseConfigurationReference = B2F0B6CCFA7A6EE1C41042B3 /* Pods-VideoSDKDemo.debug.xcconfig */;
			buildSettings = {
				ASSETCATALOG_COMPILER_APPICON_NAME = AppIcon;
				ASSETCATALOG_COMPILER_GLOBAL_ACCENT_COLOR_NAME = AccentColor;
				CODE_SIGN_STYLE = Automatic;
				DEVELOPMENT_TEAM = 8F39N5WX8Y;
				ENABLE_BITCODE = NO;
				FRAMEWORK_SEARCH_PATHS = (
					"$(inherited)",
					"$(PROJECT_DIR)/dependencies/webrtc/src/out_ios_libs",
					"$(PROJECT_DIR)/VideoSDKDemo/dependencies/webrtc/src/out_ios_libs",
					"$(PROJECT_DIR)/VideoSDKDemo/Library/Mediasoap/mediasoup-client-ios/dependencies/webrtc/src/out_ios_libs",
					"$(PROJECT_DIR)",
				);
				INFOPLIST_FILE = VideoSDK/Info.plist;
				IPHONEOS_DEPLOYMENT_TARGET = 13.0;
				LD_RUNPATH_SEARCH_PATHS = (
					"$(inherited)",
					"@executable_path/Frameworks",
				);
				PRODUCT_BUNDLE_IDENTIFIER = com.brijesh;
				PRODUCT_NAME = "$(TARGET_NAME)";
				SWIFT_OBJC_BRIDGING_HEADER = "VideoSDK/BridgingHeader/VideoSDKDemo-BridgingHeader.h";
				SWIFT_VERSION = 5.0;
				TARGETED_DEVICE_FAMILY = 1;
			};
			name = Debug;
		};
		227D607926BA7385003C259E /* Release */ = {
			isa = XCBuildConfiguration;
			baseConfigurationReference = 9109AA1215DC51A808B86725 /* Pods-VideoSDKDemo.release.xcconfig */;
			buildSettings = {
				ASSETCATALOG_COMPILER_APPICON_NAME = AppIcon;
				ASSETCATALOG_COMPILER_GLOBAL_ACCENT_COLOR_NAME = AccentColor;
				CODE_SIGN_STYLE = Automatic;
				DEVELOPMENT_TEAM = 8F39N5WX8Y;
				ENABLE_BITCODE = NO;
				FRAMEWORK_SEARCH_PATHS = (
					"$(inherited)",
					"$(PROJECT_DIR)/dependencies/webrtc/src/out_ios_libs",
					"$(PROJECT_DIR)/VideoSDKDemo/dependencies/webrtc/src/out_ios_libs",
					"$(PROJECT_DIR)/VideoSDKDemo/Library/Mediasoap/mediasoup-client-ios/dependencies/webrtc/src/out_ios_libs",
					"$(PROJECT_DIR)",
				);
				INFOPLIST_FILE = VideoSDK/Info.plist;
				IPHONEOS_DEPLOYMENT_TARGET = 13.0;
				LD_RUNPATH_SEARCH_PATHS = (
					"$(inherited)",
					"@executable_path/Frameworks",
				);
				PRODUCT_BUNDLE_IDENTIFIER = com.brijesh;
				PRODUCT_NAME = "$(TARGET_NAME)";
				SWIFT_OBJC_BRIDGING_HEADER = "VideoSDK/BridgingHeader/VideoSDKDemo-BridgingHeader.h";
				SWIFT_VERSION = 5.0;
				TARGETED_DEVICE_FAMILY = 1;
			};
			name = Release;
		};
/* End XCBuildConfiguration section */

/* Begin XCConfigurationList section */
		227D605E26BA7381003C259E /* Build configuration list for PBXProject "VideoSDKDemo" */ = {
			isa = XCConfigurationList;
			buildConfigurations = (
				227D607526BA7385003C259E /* Debug */,
				227D607626BA7385003C259E /* Release */,
			);
			defaultConfigurationIsVisible = 0;
			defaultConfigurationName = Release;
		};
		227D607726BA7385003C259E /* Build configuration list for PBXNativeTarget "VideoSDKDemo" */ = {
			isa = XCConfigurationList;
			buildConfigurations = (
				227D607826BA7385003C259E /* Debug */,
				227D607926BA7385003C259E /* Release */,
			);
			defaultConfigurationIsVisible = 0;
			defaultConfigurationName = Release;
		};
/* End XCConfigurationList section */
	};
	rootObject = 227D605B26BA7381003C259E /* Project object */;
}
